// !$*UTF8*$!
{
	archiveVersion = 1;
	classes = {
	};
	objectVersion = 46;
	objects = {

/* Begin PBXBuildFile section */
		201919211DFDF9940056216F /* NotificationsTableViewCell.m in Sources */ = {isa = PBXBuildFile; fileRef = 201919201DFDF9940056216F /* NotificationsTableViewCell.m */; };
		201919271DFE09FC0056216F /* JobResponseTableViewCell.m in Sources */ = {isa = PBXBuildFile; fileRef = 201919261DFE09FC0056216F /* JobResponseTableViewCell.m */; };
		201919291DFE1BED0056216F /* GoogleService-Info.plist in Resources */ = {isa = PBXBuildFile; fileRef = 201919281DFE1BED0056216F /* GoogleService-Info.plist */; };
		202686E71DFE7B880030A46B /* ApplicantNameTableViewCell.m in Sources */ = {isa = PBXBuildFile; fileRef = 202686E61DFE7B880030A46B /* ApplicantNameTableViewCell.m */; };
		2061614A1E068E5200010223 /* matchedApplicantNameTableViewCell.m in Sources */ = {isa = PBXBuildFile; fileRef = 206161491E068E5200010223 /* matchedApplicantNameTableViewCell.m */; };
		207327E81DF5425B006B6A47 /* ThreadEntry.m in Sources */ = {isa = PBXBuildFile; fileRef = 207327E71DF5425B006B6A47 /* ThreadEntry.m */; };
		207327EB1DF5476B006B6A47 /* ReceiverEntry.m in Sources */ = {isa = PBXBuildFile; fileRef = 207327EA1DF5476B006B6A47 /* ReceiverEntry.m */; };
		207327EE1DF54777006B6A47 /* SenderEntry.m in Sources */ = {isa = PBXBuildFile; fileRef = 207327ED1DF54777006B6A47 /* SenderEntry.m */; };
		207327F11DF558A0006B6A47 /* TypicalTableViewCell.m in Sources */ = {isa = PBXBuildFile; fileRef = 207327F01DF558A0006B6A47 /* TypicalTableViewCell.m */; };
		207327F41DF558E2006B6A47 /* profilePictureCell.m in Sources */ = {isa = PBXBuildFile; fileRef = 207327F31DF558E2006B6A47 /* profilePictureCell.m */; };
		209E7D951DFECD9E000C4031 /* AVFoundation.framework in Frameworks */ = {isa = PBXBuildFile; fileRef = 209E7D941DFECD9E000C4031 /* AVFoundation.framework */; };
		209E7D9E1DFECDCA000C4031 /* slide-magic.aif in Resources */ = {isa = PBXBuildFile; fileRef = 209E7D981DFECDCA000C4031 /* slide-magic.aif */; };
		209E7D9F1DFECDCA000C4031 /* slide-metal.aif in Resources */ = {isa = PBXBuildFile; fileRef = 209E7D991DFECDCA000C4031 /* slide-metal.aif */; };
		209E7DA01DFECDCA000C4031 /* slide-network.aif in Resources */ = {isa = PBXBuildFile; fileRef = 209E7D9A1DFECDCA000C4031 /* slide-network.aif */; };
		209E7DA11DFECDCA000C4031 /* slide-paper.aif in Resources */ = {isa = PBXBuildFile; fileRef = 209E7D9B1DFECDCA000C4031 /* slide-paper.aif */; };
		209E7DA21DFECDCA000C4031 /* slide-rock.aif in Resources */ = {isa = PBXBuildFile; fileRef = 209E7D9C1DFECDCA000C4031 /* slide-rock.aif */; };
		209E7DA31DFECDCA000C4031 /* slide-scissors.aif in Resources */ = {isa = PBXBuildFile; fileRef = 209E7D9D1DFECDCA000C4031 /* slide-scissors.aif */; };
		20A4FC241E09704500CF5FAD /* LatestJobUpdatesTableViewCell.m in Sources */ = {isa = PBXBuildFile; fileRef = 20A4FC231E09704500CF5FAD /* LatestJobUpdatesTableViewCell.m */; };
		20A4FC271E0970A800CF5FAD /* LatestThreeJobsTableViewCell.m in Sources */ = {isa = PBXBuildFile; fileRef = 20A4FC261E0970A800CF5FAD /* LatestThreeJobsTableViewCell.m */; };
		20DBFF151DE38CA7002E0675 /* main.m in Sources */ = {isa = PBXBuildFile; fileRef = 20DBFF141DE38CA7002E0675 /* main.m */; };
		20DBFF181DE38CA7002E0675 /* AppDelegate.m in Sources */ = {isa = PBXBuildFile; fileRef = 20DBFF171DE38CA7002E0675 /* AppDelegate.m */; };
		20DBFF1B1DE38CA7002E0675 /* ViewController.m in Sources */ = {isa = PBXBuildFile; fileRef = 20DBFF1A1DE38CA7002E0675 /* ViewController.m */; };
		20DBFF1E1DE38CA7002E0675 /* Main.storyboard in Resources */ = {isa = PBXBuildFile; fileRef = 20DBFF1C1DE38CA7002E0675 /* Main.storyboard */; };
		20DBFF201DE38CA7002E0675 /* Assets.xcassets in Resources */ = {isa = PBXBuildFile; fileRef = 20DBFF1F1DE38CA7002E0675 /* Assets.xcassets */; };
		20DBFF231DE38CA7002E0675 /* LaunchScreen.storyboard in Resources */ = {isa = PBXBuildFile; fileRef = 20DBFF211DE38CA7002E0675 /* LaunchScreen.storyboard */; };
		20DE371E1DFBD6270001ADAF /* JobsSingleViewController.m in Sources */ = {isa = PBXBuildFile; fileRef = 20DE371D1DFBD6270001ADAF /* JobsSingleViewController.m */; };
		20DE37211DFBDD510001ADAF /* JobDetailsTableViewCell.m in Sources */ = {isa = PBXBuildFile; fileRef = 20DE37201DFBDD510001ADAF /* JobDetailsTableViewCell.m */; };
		20DE37241DFC45CB0001ADAF /* MyJobsSingleViewController.m in Sources */ = {isa = PBXBuildFile; fileRef = 20DE37231DFC45CB0001ADAF /* MyJobsSingleViewController.m */; };
		20E26A3B1DEE72000026A353 /* JobsViewController.m in Sources */ = {isa = PBXBuildFile; fileRef = 20E26A3A1DEE72000026A353 /* JobsViewController.m */; };
		20E26A3E1DEE79EB0026A353 /* JobsFilterViewController.m in Sources */ = {isa = PBXBuildFile; fileRef = 20E26A3D1DEE79EB0026A353 /* JobsFilterViewController.m */; };
		20E26A411DEE845A0026A353 /* JobsPostViewController.m in Sources */ = {isa = PBXBuildFile; fileRef = 20E26A401DEE845A0026A353 /* JobsPostViewController.m */; };
		20E26A441DEE86740026A353 /* MessagesViewController.m in Sources */ = {isa = PBXBuildFile; fileRef = 20E26A431DEE86740026A353 /* MessagesViewController.m */; };
		20E26A471DEE8E740026A353 /* MessagesThreadViewController.m in Sources */ = {isa = PBXBuildFile; fileRef = 20E26A461DEE8E740026A353 /* MessagesThreadViewController.m */; };
		20E26A4A1DEE9EB50026A353 /* ProfileViewController.m in Sources */ = {isa = PBXBuildFile; fileRef = 20E26A491DEE9EB50026A353 /* ProfileViewController.m */; };
		20E26A511DEF8BBB0026A353 /* MyJobsViewController.m in Sources */ = {isa = PBXBuildFile; fileRef = 20E26A501DEF8BBB0026A353 /* MyJobsViewController.m */; };
		20E3B9A01DF63A7400F7DBD0 /* LoginViewController.m in Sources */ = {isa = PBXBuildFile; fileRef = 20E3B99F1DF63A7400F7DBD0 /* LoginViewController.m */; };
		20E3B9A31DF63A8300F7DBD0 /* RegisterViewController.m in Sources */ = {isa = PBXBuildFile; fileRef = 20E3B9A21DF63A8300F7DBD0 /* RegisterViewController.m */; };
		20E3B9A61DF65D0400F7DBD0 /* JobEntryTableViewCell.m in Sources */ = {isa = PBXBuildFile; fileRef = 20E3B9A51DF65D0400F7DBD0 /* JobEntryTableViewCell.m */; };
		20E3B9AC1DF677E300F7DBD0 /* ProfileEditTableViewController.m in Sources */ = {isa = PBXBuildFile; fileRef = 20E3B9AB1DF677E300F7DBD0 /* ProfileEditTableViewController.m */; };
		20E3B9AF1DF7613600F7DBD0 /* Dashboard.m in Sources */ = {isa = PBXBuildFile; fileRef = 20E3B9AE1DF7613600F7DBD0 /* Dashboard.m */; };
		20E3B9B31DF8D6F600F7DBD0 /* titleTableViewCell.m in Sources */ = {isa = PBXBuildFile; fileRef = 20E3B9B21DF8D6F600F7DBD0 /* titleTableViewCell.m */; };
		8596AAF2BBB92CB60460A01F /* libPods-UnBroke.a in Frameworks */ = {isa = PBXBuildFile; fileRef = CE6AFB976611D048E7BA5701 /* libPods-UnBroke.a */; };
/* End PBXBuildFile section */

/* Begin PBXFileReference section */
		2019191F1DFDF9940056216F /* NotificationsTableViewCell.h */ = {isa = PBXFileReference; fileEncoding = 4; lastKnownFileType = sourcecode.c.h; path = NotificationsTableViewCell.h; sourceTree = "<group>"; };
		201919201DFDF9940056216F /* NotificationsTableViewCell.m */ = {isa = PBXFileReference; fileEncoding = 4; lastKnownFileType = sourcecode.c.objc; path = NotificationsTableViewCell.m; sourceTree = "<group>"; };
		201919251DFE09FC0056216F /* JobResponseTableViewCell.h */ = {isa = PBXFileReference; fileEncoding = 4; lastKnownFileType = sourcecode.c.h; path = JobResponseTableViewCell.h; sourceTree = "<group>"; };
		201919261DFE09FC0056216F /* JobResponseTableViewCell.m */ = {isa = PBXFileReference; fileEncoding = 4; lastKnownFileType = sourcecode.c.objc; path = JobResponseTableViewCell.m; sourceTree = "<group>"; };
		201919281DFE1BED0056216F /* GoogleService-Info.plist */ = {isa = PBXFileReference; fileEncoding = 4; lastKnownFileType = text.plist.xml; path = "GoogleService-Info.plist"; sourceTree = "<group>"; };
		202686E51DFE7B880030A46B /* ApplicantNameTableViewCell.h */ = {isa = PBXFileReference; fileEncoding = 4; lastKnownFileType = sourcecode.c.h; path = ApplicantNameTableViewCell.h; sourceTree = "<group>"; };
		202686E61DFE7B880030A46B /* ApplicantNameTableViewCell.m */ = {isa = PBXFileReference; fileEncoding = 4; lastKnownFileType = sourcecode.c.objc; path = ApplicantNameTableViewCell.m; sourceTree = "<group>"; };
		206161481E068E5200010223 /* matchedApplicantNameTableViewCell.h */ = {isa = PBXFileReference; fileEncoding = 4; lastKnownFileType = sourcecode.c.h; path = matchedApplicantNameTableViewCell.h; sourceTree = "<group>"; };
		206161491E068E5200010223 /* matchedApplicantNameTableViewCell.m */ = {isa = PBXFileReference; fileEncoding = 4; lastKnownFileType = sourcecode.c.objc; path = matchedApplicantNameTableViewCell.m; sourceTree = "<group>"; };
		207327E61DF5425B006B6A47 /* ThreadEntry.h */ = {isa = PBXFileReference; fileEncoding = 4; lastKnownFileType = sourcecode.c.h; path = ThreadEntry.h; sourceTree = "<group>"; };
		207327E71DF5425B006B6A47 /* ThreadEntry.m */ = {isa = PBXFileReference; fileEncoding = 4; lastKnownFileType = sourcecode.c.objc; path = ThreadEntry.m; sourceTree = "<group>"; };
		207327E91DF5476B006B6A47 /* ReceiverEntry.h */ = {isa = PBXFileReference; fileEncoding = 4; lastKnownFileType = sourcecode.c.h; path = ReceiverEntry.h; sourceTree = "<group>"; };
		207327EA1DF5476B006B6A47 /* ReceiverEntry.m */ = {isa = PBXFileReference; fileEncoding = 4; lastKnownFileType = sourcecode.c.objc; path = ReceiverEntry.m; sourceTree = "<group>"; };
		207327EC1DF54777006B6A47 /* SenderEntry.h */ = {isa = PBXFileReference; fileEncoding = 4; lastKnownFileType = sourcecode.c.h; path = SenderEntry.h; sourceTree = "<group>"; };
		207327ED1DF54777006B6A47 /* SenderEntry.m */ = {isa = PBXFileReference; fileEncoding = 4; lastKnownFileType = sourcecode.c.objc; path = SenderEntry.m; sourceTree = "<group>"; };
		207327EF1DF558A0006B6A47 /* TypicalTableViewCell.h */ = {isa = PBXFileReference; fileEncoding = 4; lastKnownFileType = sourcecode.c.h; path = TypicalTableViewCell.h; sourceTree = "<group>"; };
		207327F01DF558A0006B6A47 /* TypicalTableViewCell.m */ = {isa = PBXFileReference; fileEncoding = 4; lastKnownFileType = sourcecode.c.objc; path = TypicalTableViewCell.m; sourceTree = "<group>"; };
		207327F21DF558E2006B6A47 /* profilePictureCell.h */ = {isa = PBXFileReference; fileEncoding = 4; lastKnownFileType = sourcecode.c.h; path = profilePictureCell.h; sourceTree = "<group>"; };
		207327F31DF558E2006B6A47 /* profilePictureCell.m */ = {isa = PBXFileReference; fileEncoding = 4; lastKnownFileType = sourcecode.c.objc; path = profilePictureCell.m; sourceTree = "<group>"; };
		209E7D941DFECD9E000C4031 /* AVFoundation.framework */ = {isa = PBXFileReference; lastKnownFileType = wrapper.framework; name = AVFoundation.framework; path = System/Library/Frameworks/AVFoundation.framework; sourceTree = SDKROOT; };
		209E7D981DFECDCA000C4031 /* slide-magic.aif */ = {isa = PBXFileReference; lastKnownFileType = file; path = "slide-magic.aif"; sourceTree = "<group>"; };
		209E7D991DFECDCA000C4031 /* slide-metal.aif */ = {isa = PBXFileReference; lastKnownFileType = file; path = "slide-metal.aif"; sourceTree = "<group>"; };
		209E7D9A1DFECDCA000C4031 /* slide-network.aif */ = {isa = PBXFileReference; lastKnownFileType = file; path = "slide-network.aif"; sourceTree = "<group>"; };
		209E7D9B1DFECDCA000C4031 /* slide-paper.aif */ = {isa = PBXFileReference; lastKnownFileType = file; path = "slide-paper.aif"; sourceTree = "<group>"; };
		209E7D9C1DFECDCA000C4031 /* slide-rock.aif */ = {isa = PBXFileReference; lastKnownFileType = file; path = "slide-rock.aif"; sourceTree = "<group>"; };
		209E7D9D1DFECDCA000C4031 /* slide-scissors.aif */ = {isa = PBXFileReference; lastKnownFileType = file; path = "slide-scissors.aif"; sourceTree = "<group>"; };
		20A4FC221E09704000CF5FAD /* LatestJobUpdatesTableViewCell.h */ = {isa = PBXFileReference; lastKnownFileType = sourcecode.c.h; path = LatestJobUpdatesTableViewCell.h; sourceTree = "<group>"; };
		20A4FC231E09704500CF5FAD /* LatestJobUpdatesTableViewCell.m */ = {isa = PBXFileReference; fileEncoding = 4; lastKnownFileType = sourcecode.c.objc; path = LatestJobUpdatesTableViewCell.m; sourceTree = "<group>"; };
		20A4FC251E0970A800CF5FAD /* LatestThreeJobsTableViewCell.h */ = {isa = PBXFileReference; fileEncoding = 4; lastKnownFileType = sourcecode.c.h; path = LatestThreeJobsTableViewCell.h; sourceTree = "<group>"; };
		20A4FC261E0970A800CF5FAD /* LatestThreeJobsTableViewCell.m */ = {isa = PBXFileReference; fileEncoding = 4; lastKnownFileType = sourcecode.c.objc; path = LatestThreeJobsTableViewCell.m; sourceTree = "<group>"; };
		20DBFF101DE38CA7002E0675 /* UnBroke.app */ = {isa = PBXFileReference; explicitFileType = wrapper.application; includeInIndex = 0; path = UnBroke.app; sourceTree = BUILT_PRODUCTS_DIR; };
		20DBFF141DE38CA7002E0675 /* main.m */ = {isa = PBXFileReference; lastKnownFileType = sourcecode.c.objc; path = main.m; sourceTree = "<group>"; };
		20DBFF161DE38CA7002E0675 /* AppDelegate.h */ = {isa = PBXFileReference; lastKnownFileType = sourcecode.c.h; path = AppDelegate.h; sourceTree = "<group>"; };
		20DBFF171DE38CA7002E0675 /* AppDelegate.m */ = {isa = PBXFileReference; lastKnownFileType = sourcecode.c.objc; path = AppDelegate.m; sourceTree = "<group>"; };
		20DBFF191DE38CA7002E0675 /* ViewController.h */ = {isa = PBXFileReference; lastKnownFileType = sourcecode.c.h; path = ViewController.h; sourceTree = "<group>"; };
		20DBFF1A1DE38CA7002E0675 /* ViewController.m */ = {isa = PBXFileReference; lastKnownFileType = sourcecode.c.objc; path = ViewController.m; sourceTree = "<group>"; };
		20DBFF1D1DE38CA7002E0675 /* Base */ = {isa = PBXFileReference; lastKnownFileType = file.storyboard; name = Base; path = Base.lproj/Main.storyboard; sourceTree = "<group>"; };
		20DBFF1F1DE38CA7002E0675 /* Assets.xcassets */ = {isa = PBXFileReference; lastKnownFileType = folder.assetcatalog; path = Assets.xcassets; sourceTree = "<group>"; };
		20DBFF221DE38CA7002E0675 /* Base */ = {isa = PBXFileReference; lastKnownFileType = file.storyboard; name = Base; path = Base.lproj/LaunchScreen.storyboard; sourceTree = "<group>"; };
		20DBFF241DE38CA7002E0675 /* Info.plist */ = {isa = PBXFileReference; lastKnownFileType = text.plist.xml; path = Info.plist; sourceTree = "<group>"; };
		20DE371C1DFBD6270001ADAF /* JobsSingleViewController.h */ = {isa = PBXFileReference; fileEncoding = 4; lastKnownFileType = sourcecode.c.h; path = JobsSingleViewController.h; sourceTree = "<group>"; };
		20DE371D1DFBD6270001ADAF /* JobsSingleViewController.m */ = {isa = PBXFileReference; fileEncoding = 4; lastKnownFileType = sourcecode.c.objc; path = JobsSingleViewController.m; sourceTree = "<group>"; };
		20DE371F1DFBDD510001ADAF /* JobDetailsTableViewCell.h */ = {isa = PBXFileReference; fileEncoding = 4; lastKnownFileType = sourcecode.c.h; path = JobDetailsTableViewCell.h; sourceTree = "<group>"; };
		20DE37201DFBDD510001ADAF /* JobDetailsTableViewCell.m */ = {isa = PBXFileReference; fileEncoding = 4; lastKnownFileType = sourcecode.c.objc; path = JobDetailsTableViewCell.m; sourceTree = "<group>"; };
		20DE37221DFC45CB0001ADAF /* MyJobsSingleViewController.h */ = {isa = PBXFileReference; fileEncoding = 4; lastKnownFileType = sourcecode.c.h; path = MyJobsSingleViewController.h; sourceTree = "<group>"; };
		20DE37231DFC45CB0001ADAF /* MyJobsSingleViewController.m */ = {isa = PBXFileReference; fileEncoding = 4; lastKnownFileType = sourcecode.c.objc; path = MyJobsSingleViewController.m; sourceTree = "<group>"; };
		20E26A391DEE72000026A353 /* JobsViewController.h */ = {isa = PBXFileReference; fileEncoding = 4; lastKnownFileType = sourcecode.c.h; path = JobsViewController.h; sourceTree = "<group>"; };
		20E26A3A1DEE72000026A353 /* JobsViewController.m */ = {isa = PBXFileReference; fileEncoding = 4; lastKnownFileType = sourcecode.c.objc; path = JobsViewController.m; sourceTree = "<group>"; };
		20E26A3C1DEE79EB0026A353 /* JobsFilterViewController.h */ = {isa = PBXFileReference; fileEncoding = 4; lastKnownFileType = sourcecode.c.h; path = JobsFilterViewController.h; sourceTree = "<group>"; };
		20E26A3D1DEE79EB0026A353 /* JobsFilterViewController.m */ = {isa = PBXFileReference; fileEncoding = 4; lastKnownFileType = sourcecode.c.objc; path = JobsFilterViewController.m; sourceTree = "<group>"; };
		20E26A3F1DEE845A0026A353 /* JobsPostViewController.h */ = {isa = PBXFileReference; fileEncoding = 4; lastKnownFileType = sourcecode.c.h; path = JobsPostViewController.h; sourceTree = "<group>"; };
		20E26A401DEE845A0026A353 /* JobsPostViewController.m */ = {isa = PBXFileReference; fileEncoding = 4; lastKnownFileType = sourcecode.c.objc; path = JobsPostViewController.m; sourceTree = "<group>"; };
		20E26A421DEE86740026A353 /* MessagesViewController.h */ = {isa = PBXFileReference; fileEncoding = 4; lastKnownFileType = sourcecode.c.h; path = MessagesViewController.h; sourceTree = "<group>"; };
		20E26A431DEE86740026A353 /* MessagesViewController.m */ = {isa = PBXFileReference; fileEncoding = 4; lastKnownFileType = sourcecode.c.objc; path = MessagesViewController.m; sourceTree = "<group>"; };
		20E26A451DEE8E740026A353 /* MessagesThreadViewController.h */ = {isa = PBXFileReference; fileEncoding = 4; lastKnownFileType = sourcecode.c.h; path = MessagesThreadViewController.h; sourceTree = "<group>"; };
		20E26A461DEE8E740026A353 /* MessagesThreadViewController.m */ = {isa = PBXFileReference; fileEncoding = 4; lastKnownFileType = sourcecode.c.objc; path = MessagesThreadViewController.m; sourceTree = "<group>"; };
		20E26A481DEE9EB50026A353 /* ProfileViewController.h */ = {isa = PBXFileReference; fileEncoding = 4; lastKnownFileType = sourcecode.c.h; path = ProfileViewController.h; sourceTree = "<group>"; };
		20E26A491DEE9EB50026A353 /* ProfileViewController.m */ = {isa = PBXFileReference; fileEncoding = 4; lastKnownFileType = sourcecode.c.objc; path = ProfileViewController.m; sourceTree = "<group>"; };
		20E26A4F1DEF8BBB0026A353 /* MyJobsViewController.h */ = {isa = PBXFileReference; fileEncoding = 4; lastKnownFileType = sourcecode.c.h; path = MyJobsViewController.h; sourceTree = "<group>"; };
		20E26A501DEF8BBB0026A353 /* MyJobsViewController.m */ = {isa = PBXFileReference; fileEncoding = 4; lastKnownFileType = sourcecode.c.objc; path = MyJobsViewController.m; sourceTree = "<group>"; };
		20E3B99E1DF63A7400F7DBD0 /* LoginViewController.h */ = {isa = PBXFileReference; fileEncoding = 4; lastKnownFileType = sourcecode.c.h; path = LoginViewController.h; sourceTree = "<group>"; };
		20E3B99F1DF63A7400F7DBD0 /* LoginViewController.m */ = {isa = PBXFileReference; fileEncoding = 4; lastKnownFileType = sourcecode.c.objc; path = LoginViewController.m; sourceTree = "<group>"; };
		20E3B9A11DF63A8300F7DBD0 /* RegisterViewController.h */ = {isa = PBXFileReference; fileEncoding = 4; lastKnownFileType = sourcecode.c.h; path = RegisterViewController.h; sourceTree = "<group>"; };
		20E3B9A21DF63A8300F7DBD0 /* RegisterViewController.m */ = {isa = PBXFileReference; fileEncoding = 4; lastKnownFileType = sourcecode.c.objc; path = RegisterViewController.m; sourceTree = "<group>"; };
		20E3B9A41DF65D0400F7DBD0 /* JobEntryTableViewCell.h */ = {isa = PBXFileReference; fileEncoding = 4; lastKnownFileType = sourcecode.c.h; path = JobEntryTableViewCell.h; sourceTree = "<group>"; };
		20E3B9A51DF65D0400F7DBD0 /* JobEntryTableViewCell.m */ = {isa = PBXFileReference; fileEncoding = 4; lastKnownFileType = sourcecode.c.objc; path = JobEntryTableViewCell.m; sourceTree = "<group>"; };
		20E3B9AA1DF677E300F7DBD0 /* ProfileEditTableViewController.h */ = {isa = PBXFileReference; fileEncoding = 4; lastKnownFileType = sourcecode.c.h; path = ProfileEditTableViewController.h; sourceTree = "<group>"; };
		20E3B9AB1DF677E300F7DBD0 /* ProfileEditTableViewController.m */ = {isa = PBXFileReference; fileEncoding = 4; lastKnownFileType = sourcecode.c.objc; path = ProfileEditTableViewController.m; sourceTree = "<group>"; };
		20E3B9AD1DF7613600F7DBD0 /* Dashboard.h */ = {isa = PBXFileReference; fileEncoding = 4; lastKnownFileType = sourcecode.c.h; path = Dashboard.h; sourceTree = "<group>"; };
		20E3B9AE1DF7613600F7DBD0 /* Dashboard.m */ = {isa = PBXFileReference; fileEncoding = 4; lastKnownFileType = sourcecode.c.objc; path = Dashboard.m; sourceTree = "<group>"; };
		20E3B9B11DF8D6F600F7DBD0 /* titleTableViewCell.h */ = {isa = PBXFileReference; fileEncoding = 4; lastKnownFileType = sourcecode.c.h; path = titleTableViewCell.h; sourceTree = "<group>"; };
		20E3B9B21DF8D6F600F7DBD0 /* titleTableViewCell.m */ = {isa = PBXFileReference; fileEncoding = 4; lastKnownFileType = sourcecode.c.objc; path = titleTableViewCell.m; sourceTree = "<group>"; };
		2D49D87B61D8D51CF2A8964B /* Pods-UnBroke.debug.xcconfig */ = {isa = PBXFileReference; includeInIndex = 1; lastKnownFileType = text.xcconfig; name = "Pods-UnBroke.debug.xcconfig"; path = "Pods/Target Support Files/Pods-UnBroke/Pods-UnBroke.debug.xcconfig"; sourceTree = "<group>"; };
		C6C9CA5C64FA563899B725FF /* Pods-UnBroke.release.xcconfig */ = {isa = PBXFileReference; includeInIndex = 1; lastKnownFileType = text.xcconfig; name = "Pods-UnBroke.release.xcconfig"; path = "Pods/Target Support Files/Pods-UnBroke/Pods-UnBroke.release.xcconfig"; sourceTree = "<group>"; };
		CE6AFB976611D048E7BA5701 /* libPods-UnBroke.a */ = {isa = PBXFileReference; explicitFileType = archive.ar; includeInIndex = 0; path = "libPods-UnBroke.a"; sourceTree = BUILT_PRODUCTS_DIR; };
/* End PBXFileReference section */

/* Begin PBXFrameworksBuildPhase section */
		20DBFF0D1DE38CA7002E0675 /* Frameworks */ = {
			isa = PBXFrameworksBuildPhase;
			buildActionMask = 2147483647;
			files = (
				209E7D951DFECD9E000C4031 /* AVFoundation.framework in Frameworks */,
				8596AAF2BBB92CB60460A01F /* libPods-UnBroke.a in Frameworks */,
			);
			runOnlyForDeploymentPostprocessing = 0;
		};
/* End PBXFrameworksBuildPhase section */

/* Begin PBXGroup section */
		201B7E5A1DFA2697008C12B7 /* Others */ = {
			isa = PBXGroup;
			children = (
				201919281DFE1BED0056216F /* GoogleService-Info.plist */,
				20DBFF211DE38CA7002E0675 /* LaunchScreen.storyboard */,
				20DBFF161DE38CA7002E0675 /* AppDelegate.h */,
				20DBFF171DE38CA7002E0675 /* AppDelegate.m */,
				20DBFF191DE38CA7002E0675 /* ViewController.h */,
				20DBFF1A1DE38CA7002E0675 /* ViewController.m */,
				20DBFF241DE38CA7002E0675 /* Info.plist */,
			);
			name = Others;
			sourceTree = "<group>";
		};
		209E7D971DFECDCA000C4031 /* slides */ = {
			isa = PBXGroup;
			children = (
				209E7D981DFECDCA000C4031 /* slide-magic.aif */,
				209E7D991DFECDCA000C4031 /* slide-metal.aif */,
				209E7D9A1DFECDCA000C4031 /* slide-network.aif */,
				209E7D9B1DFECDCA000C4031 /* slide-paper.aif */,
				209E7D9C1DFECDCA000C4031 /* slide-rock.aif */,
				209E7D9D1DFECDCA000C4031 /* slide-scissors.aif */,
			);
			path = slides;
			sourceTree = "<group>";
		};
		20DBFF071DE38CA7002E0675 = {
			isa = PBXGroup;
			children = (
				20DBFF121DE38CA7002E0675 /* UnBroke */,
				20DBFF111DE38CA7002E0675 /* Products */,
				8EF38E48492B8265536D8D41 /* Pods */,
				F3D9D3CBCA37711F5725F78F /* Frameworks */,
			);
			sourceTree = "<group>";
		};
		20DBFF111DE38CA7002E0675 /* Products */ = {
			isa = PBXGroup;
			children = (
				20DBFF101DE38CA7002E0675 /* UnBroke.app */,
			);
			name = Products;
			sourceTree = "<group>";
		};
		20DBFF121DE38CA7002E0675 /* UnBroke */ = {
			isa = PBXGroup;
			children = (
				20DBFF1F1DE38CA7002E0675 /* Assets.xcassets */,
				20E3B99D1DF63A2900F7DBD0 /* Authentication */,
				20E3B9B01DF7613D00F7DBD0 /* Dashboard */,
				20E26A521DEF8BC20026A353 /* My Jobs */,
				20E26A4E1DEF8B870026A353 /* Job (Search) */,
				20DBFF1C1DE38CA7002E0675 /* Main.storyboard */,
				20E26A4C1DEF8B5D0026A353 /* Messages */,
				201B7E5A1DFA2697008C12B7 /* Others */,
				20E26A4B1DEF8B370026A353 /* Profile View */,
				20DBFF131DE38CA7002E0675 /* Supporting Files */,
				209E7D971DFECDCA000C4031 /* slides */,
			);
			path = UnBroke;
			sourceTree = "<group>";
		};
		20DBFF131DE38CA7002E0675 /* Supporting Files */ = {
			isa = PBXGroup;
			children = (
				20DE371F1DFBDD510001ADAF /* JobDetailsTableViewCell.h */,
				20DE37201DFBDD510001ADAF /* JobDetailsTableViewCell.m */,
				206161481E068E5200010223 /* matchedApplicantNameTableViewCell.h */,
				206161491E068E5200010223 /* matchedApplicantNameTableViewCell.m */,
				201919251DFE09FC0056216F /* JobResponseTableViewCell.h */,
				201919261DFE09FC0056216F /* JobResponseTableViewCell.m */,
				20A4FC221E09704000CF5FAD /* LatestJobUpdatesTableViewCell.h */,
				20A4FC231E09704500CF5FAD /* LatestJobUpdatesTableViewCell.m */,
				20A4FC251E0970A800CF5FAD /* LatestThreeJobsTableViewCell.h */,
				20A4FC261E0970A800CF5FAD /* LatestThreeJobsTableViewCell.m */,
				2019191F1DFDF9940056216F /* NotificationsTableViewCell.h */,
				201919201DFDF9940056216F /* NotificationsTableViewCell.m */,
				20E3B9B11DF8D6F600F7DBD0 /* titleTableViewCell.h */,
				20E3B9B21DF8D6F600F7DBD0 /* titleTableViewCell.m */,
				207327E61DF5425B006B6A47 /* ThreadEntry.h */,
				207327E71DF5425B006B6A47 /* ThreadEntry.m */,
				207327E91DF5476B006B6A47 /* ReceiverEntry.h */,
				207327EA1DF5476B006B6A47 /* ReceiverEntry.m */,
				207327EC1DF54777006B6A47 /* SenderEntry.h */,
				207327ED1DF54777006B6A47 /* SenderEntry.m */,
				20E3B9A41DF65D0400F7DBD0 /* JobEntryTableViewCell.h */,
				20E3B9A51DF65D0400F7DBD0 /* JobEntryTableViewCell.m */,
				207327F21DF558E2006B6A47 /* profilePictureCell.h */,
				207327F31DF558E2006B6A47 /* profilePictureCell.m */,
				207327EF1DF558A0006B6A47 /* TypicalTableViewCell.h */,
				207327F01DF558A0006B6A47 /* TypicalTableViewCell.m */,
				20DBFF141DE38CA7002E0675 /* main.m */,
			);
			name = "Supporting Files";
			sourceTree = "<group>";
		};
		20E26A4B1DEF8B370026A353 /* Profile View */ = {
			isa = PBXGroup;
			children = (
				20E26A481DEE9EB50026A353 /* ProfileViewController.h */,
				20E26A491DEE9EB50026A353 /* ProfileViewController.m */,
				20E3B9AA1DF677E300F7DBD0 /* ProfileEditTableViewController.h */,
				20E3B9AB1DF677E300F7DBD0 /* ProfileEditTableViewController.m */,
			);
			name = "Profile View";
			sourceTree = "<group>";
		};
		20E26A4C1DEF8B5D0026A353 /* Messages */ = {
			isa = PBXGroup;
			children = (
				20E26A421DEE86740026A353 /* MessagesViewController.h */,
				20E26A431DEE86740026A353 /* MessagesViewController.m */,
				20E26A451DEE8E740026A353 /* MessagesThreadViewController.h */,
				20E26A461DEE8E740026A353 /* MessagesThreadViewController.m */,
			);
			name = Messages;
			sourceTree = "<group>";
		};
		20E26A4E1DEF8B870026A353 /* Job (Search) */ = {
			isa = PBXGroup;
			children = (
				20E26A391DEE72000026A353 /* JobsViewController.h */,
				20E26A3A1DEE72000026A353 /* JobsViewController.m */,
				20E26A3C1DEE79EB0026A353 /* JobsFilterViewController.h */,
				20E26A3D1DEE79EB0026A353 /* JobsFilterViewController.m */,
				20DE371C1DFBD6270001ADAF /* JobsSingleViewController.h */,
				20DE371D1DFBD6270001ADAF /* JobsSingleViewController.m */,
			);
			name = "Job (Search)";
			sourceTree = "<group>";
		};
		20E26A521DEF8BC20026A353 /* My Jobs */ = {
			isa = PBXGroup;
			children = (
				202686E51DFE7B880030A46B /* ApplicantNameTableViewCell.h */,
				202686E61DFE7B880030A46B /* ApplicantNameTableViewCell.m */,
				20E26A4F1DEF8BBB0026A353 /* MyJobsViewController.h */,
				20E26A501DEF8BBB0026A353 /* MyJobsViewController.m */,
				20E26A3F1DEE845A0026A353 /* JobsPostViewController.h */,
				20E26A401DEE845A0026A353 /* JobsPostViewController.m */,
				20DE37221DFC45CB0001ADAF /* MyJobsSingleViewController.h */,
				20DE37231DFC45CB0001ADAF /* MyJobsSingleViewController.m */,
			);
			name = "My Jobs";
			sourceTree = "<group>";
		};
		20E3B99D1DF63A2900F7DBD0 /* Authentication */ = {
			isa = PBXGroup;
			children = (
				20E3B99E1DF63A7400F7DBD0 /* LoginViewController.h */,
				20E3B99F1DF63A7400F7DBD0 /* LoginViewController.m */,
				20E3B9A11DF63A8300F7DBD0 /* RegisterViewController.h */,
				20E3B9A21DF63A8300F7DBD0 /* RegisterViewController.m */,
			);
			name = Authentication;
			sourceTree = "<group>";
		};
		20E3B9B01DF7613D00F7DBD0 /* Dashboard */ = {
			isa = PBXGroup;
			children = (
				20E3B9AD1DF7613600F7DBD0 /* Dashboard.h */,
				20E3B9AE1DF7613600F7DBD0 /* Dashboard.m */,
			);
			name = Dashboard;
			sourceTree = "<group>";
		};
		8EF38E48492B8265536D8D41 /* Pods */ = {
			isa = PBXGroup;
			children = (
				2D49D87B61D8D51CF2A8964B /* Pods-UnBroke.debug.xcconfig */,
				C6C9CA5C64FA563899B725FF /* Pods-UnBroke.release.xcconfig */,
			);
			name = Pods;
			sourceTree = "<group>";
		};
		F3D9D3CBCA37711F5725F78F /* Frameworks */ = {
			isa = PBXGroup;
			children = (
				209E7D941DFECD9E000C4031 /* AVFoundation.framework */,
				CE6AFB976611D048E7BA5701 /* libPods-UnBroke.a */,
			);
			name = Frameworks;
			sourceTree = "<group>";
		};
/* End PBXGroup section */

/* Begin PBXNativeTarget section */
		20DBFF0F1DE38CA7002E0675 /* UnBroke */ = {
			isa = PBXNativeTarget;
			buildConfigurationList = 20DBFF271DE38CA7002E0675 /* Build configuration list for PBXNativeTarget "UnBroke" */;
			buildPhases = (
				AAF85B7AA9A5F105A0EC82AB /* [CP] Check Pods Manifest.lock */,
				20DBFF0C1DE38CA7002E0675 /* Sources */,
				20DBFF0D1DE38CA7002E0675 /* Frameworks */,
				20DBFF0E1DE38CA7002E0675 /* Resources */,
				7325C21A0318F6ED24C99C24 /* [CP] Embed Pods Frameworks */,
				0622194A4B28A63DF25F435E /* [CP] Copy Pods Resources */,
			);
			buildRules = (
			);
			dependencies = (
			);
			name = UnBroke;
			productName = UnBroke;
			productReference = 20DBFF101DE38CA7002E0675 /* UnBroke.app */;
			productType = "com.apple.product-type.application";
		};
/* End PBXNativeTarget section */

/* Begin PBXProject section */
		20DBFF081DE38CA7002E0675 /* Project object */ = {
			isa = PBXProject;
			attributes = {
				LastUpgradeCheck = 0800;
				ORGANIZATIONNAME = nyu.edu;
				TargetAttributes = {
					20DBFF0F1DE38CA7002E0675 = {
						CreatedOnToolsVersion = 8.0;
						DevelopmentTeam = 45YQQBEPHA;
						ProvisioningStyle = Automatic;
					};
				};
			};
			buildConfigurationList = 20DBFF0B1DE38CA7002E0675 /* Build configuration list for PBXProject "UnBroke" */;
			compatibilityVersion = "Xcode 3.2";
			developmentRegion = English;
			hasScannedForEncodings = 0;
			knownRegions = (
				en,
				Base,
			);
			mainGroup = 20DBFF071DE38CA7002E0675;
			productRefGroup = 20DBFF111DE38CA7002E0675 /* Products */;
			projectDirPath = "";
			projectRoot = "";
			targets = (
				20DBFF0F1DE38CA7002E0675 /* UnBroke */,
			);
		};
/* End PBXProject section */

/* Begin PBXResourcesBuildPhase section */
		20DBFF0E1DE38CA7002E0675 /* Resources */ = {
			isa = PBXResourcesBuildPhase;
			buildActionMask = 2147483647;
			files = (
				209E7D9F1DFECDCA000C4031 /* slide-metal.aif in Resources */,
				20DBFF231DE38CA7002E0675 /* LaunchScreen.storyboard in Resources */,
				201919291DFE1BED0056216F /* GoogleService-Info.plist in Resources */,
				209E7DA11DFECDCA000C4031 /* slide-paper.aif in Resources */,
				209E7DA21DFECDCA000C4031 /* slide-rock.aif in Resources */,
				209E7D9E1DFECDCA000C4031 /* slide-magic.aif in Resources */,
				20DBFF201DE38CA7002E0675 /* Assets.xcassets in Resources */,
				209E7DA31DFECDCA000C4031 /* slide-scissors.aif in Resources */,
				20DBFF1E1DE38CA7002E0675 /* Main.storyboard in Resources */,
				209E7DA01DFECDCA000C4031 /* slide-network.aif in Resources */,
			);
			runOnlyForDeploymentPostprocessing = 0;
		};
/* End PBXResourcesBuildPhase section */

/* Begin PBXShellScriptBuildPhase section */
		0622194A4B28A63DF25F435E /* [CP] Copy Pods Resources */ = {
			isa = PBXShellScriptBuildPhase;
			buildActionMask = 2147483647;
			files = (
			);
			inputPaths = (
			);
			name = "[CP] Copy Pods Resources";
			outputPaths = (
			);
			runOnlyForDeploymentPostprocessing = 0;
			shellPath = /bin/sh;
			shellScript = "\"${SRCROOT}/Pods/Target Support Files/Pods-UnBroke/Pods-UnBroke-resources.sh\"\n";
			showEnvVarsInLog = 0;
		};
		7325C21A0318F6ED24C99C24 /* [CP] Embed Pods Frameworks */ = {
			isa = PBXShellScriptBuildPhase;
			buildActionMask = 2147483647;
			files = (
			);
			inputPaths = (
			);
			name = "[CP] Embed Pods Frameworks";
			outputPaths = (
			);
			runOnlyForDeploymentPostprocessing = 0;
			shellPath = /bin/sh;
			shellScript = "\"${SRCROOT}/Pods/Target Support Files/Pods-UnBroke/Pods-UnBroke-frameworks.sh\"\n";
			showEnvVarsInLog = 0;
		};
		AAF85B7AA9A5F105A0EC82AB /* [CP] Check Pods Manifest.lock */ = {
			isa = PBXShellScriptBuildPhase;
			buildActionMask = 2147483647;
			files = (
			);
			inputPaths = (
			);
			name = "[CP] Check Pods Manifest.lock";
			outputPaths = (
			);
			runOnlyForDeploymentPostprocessing = 0;
			shellPath = /bin/sh;
			shellScript = "diff \"${PODS_ROOT}/../Podfile.lock\" \"${PODS_ROOT}/Manifest.lock\" > /dev/null\nif [ $? != 0 ] ; then\n    # print error to STDERR\n    echo \"error: The sandbox is not in sync with the Podfile.lock. Run 'pod install' or update your CocoaPods installation.\" >&2\n    exit 1\nfi\n";
			showEnvVarsInLog = 0;
		};
/* End PBXShellScriptBuildPhase section */

/* Begin PBXSourcesBuildPhase section */
		20DBFF0C1DE38CA7002E0675 /* Sources */ = {
			isa = PBXSourcesBuildPhase;
			buildActionMask = 2147483647;
			files = (
				201919211DFDF9940056216F /* NotificationsTableViewCell.m in Sources */,
				20E26A471DEE8E740026A353 /* MessagesThreadViewController.m in Sources */,
				207327EE1DF54777006B6A47 /* SenderEntry.m in Sources */,
				20E26A4A1DEE9EB50026A353 /* ProfileViewController.m in Sources */,
				20E26A3B1DEE72000026A353 /* JobsViewController.m in Sources */,
				20DBFF1B1DE38CA7002E0675 /* ViewController.m in Sources */,
				20E26A411DEE845A0026A353 /* JobsPostViewController.m in Sources */,
				20DBFF181DE38CA7002E0675 /* AppDelegate.m in Sources */,
				20E3B9A01DF63A7400F7DBD0 /* LoginViewController.m in Sources */,
				20DE371E1DFBD6270001ADAF /* JobsSingleViewController.m in Sources */,
				20E3B9A61DF65D0400F7DBD0 /* JobEntryTableViewCell.m in Sources */,
				20E3B9AC1DF677E300F7DBD0 /* ProfileEditTableViewController.m in Sources */,
				20E26A3E1DEE79EB0026A353 /* JobsFilterViewController.m in Sources */,
				20DE37241DFC45CB0001ADAF /* MyJobsSingleViewController.m in Sources */,
				20DBFF151DE38CA7002E0675 /* main.m in Sources */,
				207327F11DF558A0006B6A47 /* TypicalTableViewCell.m in Sources */,
				20E26A511DEF8BBB0026A353 /* MyJobsViewController.m in Sources */,
				20E3B9AF1DF7613600F7DBD0 /* Dashboard.m in Sources */,
				201919271DFE09FC0056216F /* JobResponseTableViewCell.m in Sources */,
				20E3B9B31DF8D6F600F7DBD0 /* titleTableViewCell.m in Sources */,
				2061614A1E068E5200010223 /* matchedApplicantNameTableViewCell.m in Sources */,
				20A4FC241E09704500CF5FAD /* LatestJobUpdatesTableViewCell.m in Sources */,
				20E3B9A31DF63A8300F7DBD0 /* RegisterViewController.m in Sources */,
				20A4FC271E0970A800CF5FAD /* LatestThreeJobsTableViewCell.m in Sources */,
				207327F41DF558E2006B6A47 /* profilePictureCell.m in Sources */,
				207327E81DF5425B006B6A47 /* ThreadEntry.m in Sources */,
				20E26A441DEE86740026A353 /* MessagesViewController.m in Sources */,
				207327EB1DF5476B006B6A47 /* ReceiverEntry.m in Sources */,
				20DE37211DFBDD510001ADAF /* JobDetailsTableViewCell.m in Sources */,
				202686E71DFE7B880030A46B /* ApplicantNameTableViewCell.m in Sources */,
			);
			runOnlyForDeploymentPostprocessing = 0;
		};
/* End PBXSourcesBuildPhase section */

/* Begin PBXVariantGroup section */
		20DBFF1C1DE38CA7002E0675 /* Main.storyboard */ = {
			isa = PBXVariantGroup;
			children = (
				20DBFF1D1DE38CA7002E0675 /* Base */,
			);
			name = Main.storyboard;
			sourceTree = "<group>";
		};
		20DBFF211DE38CA7002E0675 /* LaunchScreen.storyboard */ = {
			isa = PBXVariantGroup;
			children = (
				20DBFF221DE38CA7002E0675 /* Base */,
			);
			name = LaunchScreen.storyboard;
			sourceTree = "<group>";
		};
/* End PBXVariantGroup section */

/* Begin XCBuildConfiguration section */
		20DBFF251DE38CA7002E0675 /* Debug */ = {
			isa = XCBuildConfiguration;
			buildSettings = {
				ALWAYS_SEARCH_USER_PATHS = NO;
				CLANG_ANALYZER_NONNULL = YES;
				CLANG_CXX_LANGUAGE_STANDARD = "gnu++0x";
				CLANG_CXX_LIBRARY = "libc++";
				CLANG_ENABLE_MODULES = YES;
				CLANG_ENABLE_OBJC_ARC = YES;
				CLANG_WARN_BOOL_CONVERSION = YES;
				CLANG_WARN_CONSTANT_CONVERSION = YES;
				CLANG_WARN_DIRECT_OBJC_ISA_USAGE = YES_ERROR;
				CLANG_WARN_DOCUMENTATION_COMMENTS = YES;
				CLANG_WARN_EMPTY_BODY = YES;
				CLANG_WARN_ENUM_CONVERSION = YES;
				CLANG_WARN_INFINITE_RECURSION = YES;
				CLANG_WARN_INT_CONVERSION = YES;
				CLANG_WARN_OBJC_ROOT_CLASS = YES_ERROR;
				CLANG_WARN_SUSPICIOUS_MOVES = YES;
				CLANG_WARN_UNREACHABLE_CODE = YES;
				CLANG_WARN__DUPLICATE_METHOD_MATCH = YES;
				"CODE_SIGN_IDENTITY[sdk=iphoneos*]" = "iPhone Developer";
				COPY_PHASE_STRIP = NO;
				DEBUG_INFORMATION_FORMAT = dwarf;
				ENABLE_STRICT_OBJC_MSGSEND = YES;
				ENABLE_TESTABILITY = YES;
				GCC_C_LANGUAGE_STANDARD = gnu99;
				GCC_DYNAMIC_NO_PIC = NO;
				GCC_NO_COMMON_BLOCKS = YES;
				GCC_OPTIMIZATION_LEVEL = 0;
				GCC_PREPROCESSOR_DEFINITIONS = (
					"DEBUG=1",
					"$(inherited)",
				);
				GCC_WARN_64_TO_32_BIT_CONVERSION = YES;
				GCC_WARN_ABOUT_RETURN_TYPE = YES_ERROR;
				GCC_WARN_UNDECLARED_SELECTOR = YES;
				GCC_WARN_UNINITIALIZED_AUTOS = YES_AGGRESSIVE;
				GCC_WARN_UNUSED_FUNCTION = YES;
				GCC_WARN_UNUSED_VARIABLE = YES;
				IPHONEOS_DEPLOYMENT_TARGET = 10.0;
				MTL_ENABLE_DEBUG_INFO = YES;
				ONLY_ACTIVE_ARCH = YES;
				SDKROOT = iphoneos;
				TARGETED_DEVICE_FAMILY = "1,2";
			};
			name = Debug;
		};
		20DBFF261DE38CA7002E0675 /* Release */ = {
			isa = XCBuildConfiguration;
			buildSettings = {
				ALWAYS_SEARCH_USER_PATHS = NO;
				CLANG_ANALYZER_NONNULL = YES;
				CLANG_CXX_LANGUAGE_STANDARD = "gnu++0x";
				CLANG_CXX_LIBRARY = "libc++";
				CLANG_ENABLE_MODULES = YES;
				CLANG_ENABLE_OBJC_ARC = YES;
				CLANG_WARN_BOOL_CONVERSION = YES;
				CLANG_WARN_CONSTANT_CONVERSION = YES;
				CLANG_WARN_DIRECT_OBJC_ISA_USAGE = YES_ERROR;
				CLANG_WARN_DOCUMENTATION_COMMENTS = YES;
				CLANG_WARN_EMPTY_BODY = YES;
				CLANG_WARN_ENUM_CONVERSION = YES;
				CLANG_WARN_INFINITE_RECURSION = YES;
				CLANG_WARN_INT_CONVERSION = YES;
				CLANG_WARN_OBJC_ROOT_CLASS = YES_ERROR;
				CLANG_WARN_SUSPICIOUS_MOVES = YES;
				CLANG_WARN_UNREACHABLE_CODE = YES;
				CLANG_WARN__DUPLICATE_METHOD_MATCH = YES;
				"CODE_SIGN_IDENTITY[sdk=iphoneos*]" = "iPhone Developer";
				COPY_PHASE_STRIP = NO;
				DEBUG_INFORMATION_FORMAT = "dwarf-with-dsym";
				ENABLE_NS_ASSERTIONS = NO;
				ENABLE_STRICT_OBJC_MSGSEND = YES;
				GCC_C_LANGUAGE_STANDARD = gnu99;
				GCC_NO_COMMON_BLOCKS = YES;
				GCC_WARN_64_TO_32_BIT_CONVERSION = YES;
				GCC_WARN_ABOUT_RETURN_TYPE = YES_ERROR;
				GCC_WARN_UNDECLARED_SELECTOR = YES;
				GCC_WARN_UNINITIALIZED_AUTOS = YES_AGGRESSIVE;
				GCC_WARN_UNUSED_FUNCTION = YES;
				GCC_WARN_UNUSED_VARIABLE = YES;
				IPHONEOS_DEPLOYMENT_TARGET = 10.0;
				MTL_ENABLE_DEBUG_INFO = NO;
				SDKROOT = iphoneos;
				TARGETED_DEVICE_FAMILY = "1,2";
				VALIDATE_PRODUCT = YES;
			};
			name = Release;
		};
		20DBFF281DE38CA7002E0675 /* Debug */ = {
			isa = XCBuildConfiguration;
			baseConfigurationReference = 2D49D87B61D8D51CF2A8964B /* Pods-UnBroke.debug.xcconfig */;
			buildSettings = {
				ASSETCATALOG_COMPILER_APPICON_NAME = AppIcon;
				DEVELOPMENT_TEAM = 45YQQBEPHA;
				INFOPLIST_FILE = UnBroke/Info.plist;
				LD_RUNPATH_SEARCH_PATHS = "$(inherited) @executable_path/Frameworks";
				PRODUCT_BUNDLE_IDENTIFIER = nyu.UnBroke;
				PRODUCT_NAME = "$(TARGET_NAME)";
				SDKROOT = iphoneos10.1;
			};
			name = Debug;
		};
		20DBFF291DE38CA7002E0675 /* Release */ = {
			isa = XCBuildConfiguration;
			baseConfigurationReference = C6C9CA5C64FA563899B725FF /* Pods-UnBroke.release.xcconfig */;
			buildSettings = {
				ASSETCATALOG_COMPILER_APPICON_NAME = AppIcon;
				DEVELOPMENT_TEAM = 45YQQBEPHA;
				INFOPLIST_FILE = UnBroke/Info.plist;
				LD_RUNPATH_SEARCH_PATHS = "$(inherited) @executable_path/Frameworks";
				PRODUCT_BUNDLE_IDENTIFIER = nyu.UnBroke;
				PRODUCT_NAME = "$(TARGET_NAME)";
				SDKROOT = iphoneos10.1;
			};
			name = Release;
		};
/* End XCBuildConfiguration section */

/* Begin XCConfigurationList section */
		20DBFF0B1DE38CA7002E0675 /* Build configuration list for PBXProject "UnBroke" */ = {
			isa = XCConfigurationList;
			buildConfigurations = (
				20DBFF251DE38CA7002E0675 /* Debug */,
				20DBFF261DE38CA7002E0675 /* Release */,
			);
			defaultConfigurationIsVisible = 0;
			defaultConfigurationName = Release;
		};
		20DBFF271DE38CA7002E0675 /* Build configuration list for PBXNativeTarget "UnBroke" */ = {
			isa = XCConfigurationList;
			buildConfigurations = (
				20DBFF281DE38CA7002E0675 /* Debug */,
				20DBFF291DE38CA7002E0675 /* Release */,
			);
			defaultConfigurationIsVisible = 0;
			defaultConfigurationName = Release;
		};
/* End XCConfigurationList section */
	};
	rootObject = 20DBFF081DE38CA7002E0675 /* Project object */;
}
